{
  "version": 4,
  "terraform_version": "1.9.6",
  "serial": 33,
  "lineage": "d3645568-da98-2fff-1a00-391784563fb7",
  "outputs": {
    "api_url": {
      "value": "https://j6zk7mb2nf.execute-api.us-east-1.amazonaws.com/prod/lambda",
      "type": "string"
    }
  },
  "resources": [
    {
      "mode": "managed",
      "type": "aws_api_gateway_deployment",
      "name": "api_deployment",
      "provider": "provider[\"registry.terraform.io/hashicorp/aws\"]",
      "instances": [
        {
          "schema_version": 0,
          "attributes": {
            "canary_settings": [],
            "created_date": "2024-10-09T14:31:31Z",
            "description": "",
            "execution_arn": "arn:aws:execute-api:us-east-1:985539794325:j6zk7mb2nf/prod",
            "id": "kwvqeu",
            "invoke_url": "https://j6zk7mb2nf.execute-api.us-east-1.amazonaws.com/prod",
            "rest_api_id": "j6zk7mb2nf",
            "stage_description": null,
            "stage_name": "prod",
            "triggers": null,
            "variables": null
          },
          "sensitive_attributes": [],
          "private": "bnVsbA==",
          "dependencies": [
            "aws_api_gateway_integration.lambda_integration",
            "aws_api_gateway_method.get_method",
            "aws_api_gateway_resource.my_resource",
            "aws_api_gateway_rest_api.my_api",
            "aws_iam_role.lambda_execution_role",
            "aws_lambda_function.tf_lambda"
          ]
        }
      ]
    },
    {
      "mode": "managed",
      "type": "aws_api_gateway_integration",
      "name": "lambda_integration",
      "provider": "provider[\"registry.terraform.io/hashicorp/aws\"]",
      "instances": [
        {
          "schema_version": 0,
          "attributes": {
            "cache_key_parameters": null,
            "cache_namespace": "rngkxr",
            "connection_id": "",
            "connection_type": "INTERNET",
            "content_handling": "",
            "credentials": "",
            "http_method": "GET",
            "id": "agi-j6zk7mb2nf-rngkxr-GET",
            "integration_http_method": "POST",
            "passthrough_behavior": "WHEN_NO_MATCH",
            "request_parameters": null,
            "request_templates": null,
            "resource_id": "rngkxr",
            "rest_api_id": "j6zk7mb2nf",
            "timeout_milliseconds": 29000,
            "tls_config": [],
            "type": "AWS_PROXY",
            "uri": "arn:aws:apigateway:us-east-1:lambda:path/2015-03-31/functions/arn:aws:lambda:us-east-1:985539794325:function:my-lambda-function/invocations"
          },
          "sensitive_attributes": [],
          "private": "bnVsbA==",
          "dependencies": [
            "aws_api_gateway_method.get_method",
            "aws_api_gateway_resource.my_resource",
            "aws_api_gateway_rest_api.my_api",
            "aws_iam_role.lambda_execution_role",
            "aws_lambda_function.tf_lambda"
          ]
        }
      ]
    },
    {
      "mode": "managed",
      "type": "aws_api_gateway_method",
      "name": "get_method",
      "provider": "provider[\"registry.terraform.io/hashicorp/aws\"]",
      "instances": [
        {
          "schema_version": 0,
          "attributes": {
            "api_key_required": false,
            "authorization": "NONE",
            "authorization_scopes": null,
            "authorizer_id": null,
            "http_method": "GET",
            "id": "agm-j6zk7mb2nf-rngkxr-GET",
            "operation_name": null,
            "request_models": null,
            "request_parameters": null,
            "request_validator_id": null,
            "resource_id": "rngkxr",
            "rest_api_id": "j6zk7mb2nf"
          },
          "sensitive_attributes": [],
          "private": "bnVsbA==",
          "dependencies": [
            "aws_api_gateway_resource.my_resource",
            "aws_api_gateway_rest_api.my_api"
          ]
        }
      ]
    },
    {
      "mode": "managed",
      "type": "aws_api_gateway_resource",
      "name": "my_resource",
      "provider": "provider[\"registry.terraform.io/hashicorp/aws\"]",
      "instances": [
        {
          "schema_version": 0,
          "attributes": {
            "id": "rngkxr",
            "parent_id": "yetj4rx2re",
            "path": "/lambda",
            "path_part": "lambda",
            "rest_api_id": "j6zk7mb2nf"
          },
          "sensitive_attributes": [],
          "private": "bnVsbA==",
          "dependencies": [
            "aws_api_gateway_rest_api.my_api"
          ]
        }
      ]
    },
    {
      "mode": "managed",
      "type": "aws_api_gateway_rest_api",
      "name": "my_api",
      "provider": "provider[\"registry.terraform.io/hashicorp/aws\"]",
      "instances": [
        {
          "schema_version": 0,
          "attributes": {
            "api_key_source": "HEADER",
            "arn": "arn:aws:apigateway:us-east-1::/restapis/j6zk7mb2nf",
            "binary_media_types": [],
            "body": null,
            "created_date": "2024-10-09T14:30:52Z",
            "description": "",
            "disable_execute_api_endpoint": false,
            "endpoint_configuration": [
              {
                "types": [
                  "EDGE"
                ],
                "vpc_endpoint_ids": []
              }
            ],
            "execution_arn": "arn:aws:execute-api:us-east-1:985539794325:j6zk7mb2nf",
            "fail_on_warnings": null,
            "id": "j6zk7mb2nf",
            "minimum_compression_size": "",
            "name": "MyAPIGateway",
            "parameters": null,
            "policy": "",
            "put_rest_api_mode": null,
            "root_resource_id": "yetj4rx2re",
            "tags": null,
            "tags_all": {}
          },
          "sensitive_attributes": [],
          "private": "bnVsbA=="
        }
      ]
    },
    {
      "mode": "managed",
      "type": "aws_iam_role",
      "name": "lambda_execution_role",
      "provider": "provider[\"registry.terraform.io/hashicorp/aws\"]",
      "instances": [
        {
          "schema_version": 0,
          "attributes": {
            "arn": "arn:aws:iam::985539794325:role/lambda_execution_role",
            "assume_role_policy": "{\"Statement\":[{\"Action\":\"sts:AssumeRole\",\"Effect\":\"Allow\",\"Principal\":{\"Service\":\"lambda.amazonaws.com\"}}],\"Version\":\"2012-10-17\"}",
            "create_date": "2024-10-07T14:04:44Z",
            "description": "",
            "force_detach_policies": false,
            "id": "lambda_execution_role",
            "inline_policy": [],
            "managed_policy_arns": [
              "arn:aws:iam::aws:policy/service-role/AWSLambdaBasicExecutionRole"
            ],
            "max_session_duration": 3600,
            "name": "lambda_execution_role",
            "name_prefix": "",
            "path": "/",
            "permissions_boundary": "",
            "tags": {},
            "tags_all": {},
            "unique_id": "AROA6K5V72WKTWY7XJ4RH"
          },
          "sensitive_attributes": [],
          "private": "bnVsbA=="
        }
      ]
    },
    {
      "mode": "managed",
      "type": "aws_iam_role_policy_attachment",
      "name": "lambda_policy",
      "provider": "provider[\"registry.terraform.io/hashicorp/aws\"]",
      "instances": [
        {
          "schema_version": 0,
          "attributes": {
            "id": "lambda_execution_role-20241007140446392100000001",
            "policy_arn": "arn:aws:iam::aws:policy/service-role/AWSLambdaBasicExecutionRole",
            "role": "lambda_execution_role"
          },
          "sensitive_attributes": [],
          "private": "bnVsbA==",
          "dependencies": [
            "aws_iam_role.lambda_execution_role"
          ]
        }
      ]
    },
    {
      "mode": "managed",
      "type": "aws_lambda_function",
      "name": "tf_lambda",
      "provider": "provider[\"registry.terraform.io/hashicorp/aws\"]",
      "instances": [
        {
          "schema_version": 0,
          "attributes": {
            "architectures": [
              "x86_64"
            ],
            "arn": "arn:aws:lambda:us-east-1:985539794325:function:my-lambda-function",
            "code_sha256": "yw8t9v90up5Ekkx9pyCXPfa/0SNNEBNKI+85Hi8N68A=",
            "code_signing_config_arn": "",
            "dead_letter_config": [],
            "description": "",
            "environment": [],
            "ephemeral_storage": [
              {
                "size": 512
              }
            ],
            "file_system_config": [],
            "filename": "./../.bin/lambda_compact.zip",
            "function_name": "my-lambda-function",
            "handler": "lambda_binary",
            "id": "my-lambda-function",
            "image_config": [],
            "image_uri": "",
            "invoke_arn": "arn:aws:apigateway:us-east-1:lambda:path/2015-03-31/functions/arn:aws:lambda:us-east-1:985539794325:function:my-lambda-function/invocations",
            "kms_key_arn": "",
            "last_modified": "2024-10-09T14:31:23.991+0000",
            "layers": null,
            "logging_config": [
              {
                "application_log_level": "",
                "log_format": "Text",
                "log_group": "/aws/lambda/my-lambda-function",
                "system_log_level": ""
              }
            ],
            "memory_size": 128,
            "package_type": "Zip",
            "publish": false,
            "qualified_arn": "arn:aws:lambda:us-east-1:985539794325:function:my-lambda-function:$LATEST",
            "qualified_invoke_arn": "arn:aws:apigateway:us-east-1:lambda:path/2015-03-31/functions/arn:aws:lambda:us-east-1:985539794325:function:my-lambda-function:$LATEST/invocations",
            "replace_security_groups_on_destroy": null,
            "replacement_security_group_ids": null,
            "reserved_concurrent_executions": -1,
            "role": "arn:aws:iam::985539794325:role/lambda_execution_role",
            "runtime": "provided.al2",
            "s3_bucket": null,
            "s3_key": null,
            "s3_object_version": null,
            "signing_job_arn": "",
            "signing_profile_version_arn": "",
            "skip_destroy": false,
            "snap_start": [],
            "source_code_hash": "yw8t9v90up5Ekkx9pyCXPfa/0SNNEBNKI+85Hi8N68A=",
            "source_code_size": 5323279,
            "tags": null,
            "tags_all": {},
            "timeout": 3,
            "timeouts": null,
            "tracing_config": [
              {
                "mode": "PassThrough"
              }
            ],
            "version": "$LATEST",
            "vpc_config": []
          },
          "sensitive_attributes": [],
          "private": "eyJlMmJmYjczMC1lY2FhLTExZTYtOGY4OC0zNDM2M2JjN2M0YzAiOnsiY3JlYXRlIjo2MDAwMDAwMDAwMDAsImRlbGV0ZSI6NjAwMDAwMDAwMDAwLCJ1cGRhdGUiOjYwMDAwMDAwMDAwMH19",
          "dependencies": [
            "aws_iam_role.lambda_execution_role"
          ]
        }
      ]
    },
    {
      "mode": "managed",
      "type": "aws_lambda_permission",
      "name": "apigw_lambda",
      "provider": "provider[\"registry.terraform.io/hashicorp/aws\"]",
      "instances": [
        {
          "schema_version": 0,
          "attributes": {
            "action": "lambda:InvokeFunction",
            "event_source_token": null,
            "function_name": "my-lambda-function",
            "function_url_auth_type": null,
            "id": "AllowAPIGatewayInvoke",
            "principal": "apigateway.amazonaws.com",
            "principal_org_id": null,
            "qualifier": "",
            "source_account": null,
            "source_arn": "arn:aws:execute-api:us-east-1:985539794325:j6zk7mb2nf/*/*",
            "statement_id": "AllowAPIGatewayInvoke",
            "statement_id_prefix": ""
          },
          "sensitive_attributes": [],
          "private": "bnVsbA==",
          "dependencies": [
            "aws_api_gateway_rest_api.my_api",
            "aws_iam_role.lambda_execution_role",
            "aws_lambda_function.tf_lambda"
          ]
        }
      ]
    }
  ],
  "check_results": null
}
